
Microsoft Visual Studio Solution File, Format Version 12.00
# Visual Studio Version 17
VisualStudioVersion = 17.4.33213.308
MinimumVisualStudioVersion = 10.0.40219.1
Project("{F184B08F-C81C-45F6-A57F-5ABD9991F28F}") = "InputBoxArithematicOperation", "InputBoxArithematicOperation\InputBoxArithematicOperation.vbproj", "{297F8A19-C0BB-4C09-B6E8-EE5B031A5CDD}"
EndProject
Global
	GlobalSection(SolutionConfigurationPlatforms) = preSolution
		Debug|Any CPU = Debug|Any CPU
		Release|Any CPU = Release|Any CPU
	EndGlobalSection
	GlobalSection(ProjectConfigurationPlatforms) = postSolution
		{297F8A19-C0BB-4C09-B6E8-EE5B031A5CDD}.Debug|Any CPU.ActiveCfg = Debug|Any CPU
		{297F8A19-C0BB-4C09-B6E8-EE5B031A5CDD}.Debug|Any CPU.Build.0 = Debug|Any CPU
		{297F8A19-C0BB-4C09-B6E8-EE5B031A5CDD}.Release|Any CPU.ActiveCfg = Release|Any CPU
		{297F8A19-C0BB-4C09-B6E8-EE5B031A5CDD}.Release|Any CPU.Build.0 = Release|Any CPU
	EndGlobalSection
	GlobalSection(SolutionProperties) = preSolution
		HideSolutionNode = FALSE
	EndGlobalSection
	GlobalSection(ExtensibilityGlobals) = postSolution
		SolutionGuid = {AD0A491B-843C-4097-990E-478BB46243BE}
	EndGlobalSection
EndGlobal
